// !$*UTF8*$!
{
	archiveVersion = 1;
	classes = {
	};
	objectVersion = 50;
	objects = {

/* Begin PBXBuildFile section */
		3F17F4EC21B7D32F00C290FE /* AppDelegate.swift in Sources */ = {isa = PBXBuildFile; fileRef = 3F17F4EB21B7D32F00C290FE /* AppDelegate.swift */; };
		3F17F4EE21B7D32F00C290FE /* ViewController.swift in Sources */ = {isa = PBXBuildFile; fileRef = 3F17F4ED21B7D32F00C290FE /* ViewController.swift */; };
		3F17F4F121B7D32F00C290FE /* Main.storyboard in Resources */ = {isa = PBXBuildFile; fileRef = 3F17F4EF21B7D32F00C290FE /* Main.storyboard */; };
		3F17F4F321B7D32F00C290FE /* Assets.xcassets in Resources */ = {isa = PBXBuildFile; fileRef = 3F17F4F221B7D32F00C290FE /* Assets.xcassets */; };
		3F17F4F621B7D32F00C290FE /* LaunchScreen.storyboard in Resources */ = {isa = PBXBuildFile; fileRef = 3F17F4F421B7D32F00C290FE /* LaunchScreen.storyboard */; };
		3F17F50121B7D32F00C290FE /* _Tests.swift in Sources */ = {isa = PBXBuildFile; fileRef = 3F17F50021B7D32F00C290FE /* _Tests.swift */; };
		3F17F50C21B7D32F00C290FE /* _UITests.swift in Sources */ = {isa = PBXBuildFile; fileRef = 3F17F50B21B7D32F00C290FE /* _UITests.swift */; };
		3F17F51A21B7D38800C290FE /* Class.swift in Sources */ = {isa = PBXBuildFile; fileRef = 3F17F51921B7D38800C290FE /* Class.swift */; };
/* End PBXBuildFile section */

/* Begin PBXContainerItemProxy section */
		3F17F4FD21B7D32F00C290FE /* PBXContainerItemProxy */ = {
			isa = PBXContainerItemProxy;
			containerPortal = 3F17F4E021B7D32F00C290FE /* Project object */;
			proxyType = 1;
			remoteGlobalIDString = 3F17F4E721B7D32F00C290FE;
			remoteInfo = 8;
		};
		3F17F50821B7D32F00C290FE /* PBXContainerItemProxy */ = {
			isa = PBXContainerItemProxy;
			containerPortal = 3F17F4E021B7D32F00C290FE /* Project object */;
			proxyType = 1;
			remoteGlobalIDString = 3F17F4E721B7D32F00C290FE;
			remoteInfo = 8;
		};
/* End PBXContainerItemProxy section */

/* Begin PBXFileReference section */
		3F17F4E821B7D32F00C290FE /* 8.app */ = {isa = PBXFileReference; explicitFileType = wrapper.application; includeInIndex = 0; path = 8.app; sourceTree = BUILT_PRODUCTS_DIR; };
		3F17F4EB21B7D32F00C290FE /* AppDelegate.swift */ = {isa = PBXFileReference; lastKnownFileType = sourcecode.swift; path = AppDelegate.swift; sourceTree = "<group>"; };
		3F17F4ED21B7D32F00C290FE /* ViewController.swift */ = {isa = PBXFileReference; lastKnownFileType = sourcecode.swift; path = ViewController.swift; sourceTree = "<group>"; };
		3F17F4F021B7D32F00C290FE /* Base */ = {isa = PBXFileReference; lastKnownFileType = file.storyboard; name = Base; path = Base.lproj/Main.storyboard; sourceTree = "<group>"; };
		3F17F4F221B7D32F00C290FE /* Assets.xcassets */ = {isa = PBXFileReference; lastKnownFileType = folder.assetcatalog; path = Assets.xcassets; sourceTree = "<group>"; };
		3F17F4F521B7D32F00C290FE /* Base */ = {isa = PBXFileReference; lastKnownFileType = file.storyboard; name = Base; path = Base.lproj/LaunchScreen.storyboard; sourceTree = "<group>"; };
		3F17F4F721B7D32F00C290FE /* Info.plist */ = {isa = PBXFileReference; lastKnownFileType = text.plist.xml; path = Info.plist; sourceTree = "<group>"; };
		3F17F4FC21B7D32F00C290FE /* 8Tests.xctest */ = {isa = PBXFileReference; explicitFileType = wrapper.cfbundle; includeInIndex = 0; path = 8Tests.xctest; sourceTree = BUILT_PRODUCTS_DIR; };
		3F17F50021B7D32F00C290FE /* _Tests.swift */ = {isa = PBXFileReference; lastKnownFileType = sourcecode.swift; path = _Tests.swift; sourceTree = "<group>"; };
		3F17F50221B7D32F00C290FE /* Info.plist */ = {isa = PBXFileReference; lastKnownFileType = text.plist.xml; path = Info.plist; sourceTree = "<group>"; };
		3F17F50721B7D32F00C290FE /* 8UITests.xctest */ = {isa = PBXFileReference; explicitFileType = wrapper.cfbundle; includeInIndex = 0; path = 8UITests.xctest; sourceTree = BUILT_PRODUCTS_DIR; };
		3F17F50B21B7D32F00C290FE /* _UITests.swift */ = {isa = PBXFileReference; lastKnownFileType = sourcecode.swift; path = _UITests.swift; sourceTree = "<group>"; };
		3F17F50D21B7D32F00C290FE /* Info.plist */ = {isa = PBXFileReference; lastKnownFileType = text.plist.xml; path = Info.plist; sourceTree = "<group>"; };
		3F17F51921B7D38800C290FE /* Class.swift */ = {isa = PBXFileReference; lastKnownFileType = sourcecode.swift; path = Class.swift; sourceTree = "<group>"; };
/* End PBXFileReference section */

/* Begin PBXFrameworksBuildPhase section */
		3F17F4E521B7D32F00C290FE /* Frameworks */ = {
			isa = PBXFrameworksBuildPhase;
			buildActionMask = 2147483647;
			files = (
			);
			runOnlyForDeploymentPostprocessing = 0;
		};
		3F17F4F921B7D32F00C290FE /* Frameworks */ = {
			isa = PBXFrameworksBuildPhase;
			buildActionMask = 2147483647;
			files = (
			);
			runOnlyForDeploymentPostprocessing = 0;
		};
		3F17F50421B7D32F00C290FE /* Frameworks */ = {
			isa = PBXFrameworksBuildPhase;
			buildActionMask = 2147483647;
			files = (
			);
			runOnlyForDeploymentPostprocessing = 0;
		};
/* End PBXFrameworksBuildPhase section */

/* Begin PBXGroup section */
		3F17F4DF21B7D32F00C290FE = {
			isa = PBXGroup;
			children = (
				3F17F4EA21B7D32F00C290FE /* 8 */,
				3F17F4FF21B7D32F00C290FE /* 8Tests */,
				3F17F50A21B7D32F00C290FE /* 8UITests */,
				3F17F4E921B7D32F00C290FE /* Products */,
			);
			sourceTree = "<group>";
		};
		3F17F4E921B7D32F00C290FE /* Products */ = {
			isa = PBXGroup;
			children = (
				3F17F4E821B7D32F00C290FE /* 8.app */,
				3F17F4FC21B7D32F00C290FE /* 8Tests.xctest */,
				3F17F50721B7D32F00C290FE /* 8UITests.xctest */,
			);
			name = Products;
			sourceTree = "<group>";
		};
		3F17F4EA21B7D32F00C290FE /* 8 */ = {
			isa = PBXGroup;
			children = (
				3F17F4EB21B7D32F00C290FE /* AppDelegate.swift */,
				3F17F4ED21B7D32F00C290FE /* ViewController.swift */,
				3F17F4EF21B7D32F00C290FE /* Main.storyboard */,
				3F17F4F221B7D32F00C290FE /* Assets.xcassets */,
				3F17F4F421B7D32F00C290FE /* LaunchScreen.storyboard */,
				3F17F4F721B7D32F00C290FE /* Info.plist */,
				3F17F51921B7D38800C290FE /* Class.swift */,
			);
			path = 8;
			sourceTree = "<group>";
		};
		3F17F4FF21B7D32F00C290FE /* 8Tests */ = {
			isa = PBXGroup;
			children = (
				3F17F50021B7D32F00C290FE /* _Tests.swift */,
				3F17F50221B7D32F00C290FE /* Info.plist */,
			);
			path = 8Tests;
			sourceTree = "<group>";
		};
		3F17F50A21B7D32F00C290FE /* 8UITests */ = {
			isa = PBXGroup;
			children = (
				3F17F50B21B7D32F00C290FE /* _UITests.swift */,
				3F17F50D21B7D32F00C290FE /* Info.plist */,
			);
			path = 8UITests;
			sourceTree = "<group>";
		};
/* End PBXGroup section */

/* Begin PBXNativeTarget section */
		3F17F4E721B7D32F00C290FE /* 8 */ = {
			isa = PBXNativeTarget;
			buildConfigurationList = 3F17F51021B7D32F00C290FE /* Build configuration list for PBXNativeTarget "8" */;
			buildPhases = (
				3F17F4E421B7D32F00C290FE /* Sources */,
				3F17F4E521B7D32F00C290FE /* Frameworks */,
				3F17F4E621B7D32F00C290FE /* Resources */,
			);
			buildRules = (
			);
			dependencies = (
			);
			name = 8;
			productName = 8;
			productReference = 3F17F4E821B7D32F00C290FE /* 8.app */;
			productType = "com.apple.product-type.application";
		};
		3F17F4FB21B7D32F00C290FE /* 8Tests */ = {
			isa = PBXNativeTarget;
			buildConfigurationList = 3F17F51321B7D32F00C290FE /* Build configuration list for PBXNativeTarget "8Tests" */;
			buildPhases = (
				3F17F4F821B7D32F00C290FE /* Sources */,
				3F17F4F921B7D32F00C290FE /* Frameworks */,
				3F17F4FA21B7D32F00C290FE /* Resources */,
			);
			buildRules = (
			);
			dependencies = (
				3F17F4FE21B7D32F00C290FE /* PBXTargetDependency */,
			);
			name = 8Tests;
			productName = 8Tests;
			productReference = 3F17F4FC21B7D32F00C290FE /* 8Tests.xctest */;
			productType = "com.apple.product-type.bundle.unit-test";
		};
		3F17F50621B7D32F00C290FE /* 8UITests */ = {
			isa = PBXNativeTarget;
			buildConfigurationList = 3F17F51621B7D32F00C290FE /* Build configuration list for PBXNativeTarget "8UITests" */;
			buildPhases = (
				3F17F50321B7D32F00C290FE /* Sources */,
				3F17F50421B7D32F00C290FE /* Frameworks */,
				3F17F50521B7D32F00C290FE /* Resources */,
			);
			buildRules = (
			);
			dependencies = (
				3F17F50921B7D32F00C290FE /* PBXTargetDependency */,
			);
			name = 8UITests;
			productName = 8UITests;
			productReference = 3F17F50721B7D32F00C290FE /* 8UITests.xctest */;
			productType = "com.apple.product-type.bundle.ui-testing";
		};
/* End PBXNativeTarget section */

/* Begin PBXProject section */
		3F17F4E021B7D32F00C290FE /* Project object */ = {
			isa = PBXProject;
			attributes = {
				LastSwiftUpdateCheck = 1000;
				LastUpgradeCheck = 1000;
				ORGANIZATIONNAME = 2016110409;
				TargetAttributes = {
					3F17F4E721B7D32F00C290FE = {
						CreatedOnToolsVersion = 10.0;
					};
					3F17F4FB21B7D32F00C290FE = {
						CreatedOnToolsVersion = 10.0;
						TestTargetID = 3F17F4E721B7D32F00C290FE;
					};
					3F17F50621B7D32F00C290FE = {
						CreatedOnToolsVersion = 10.0;
						TestTargetID = 3F17F4E721B7D32F00C290FE;
					};
				};
			};
			buildConfigurationList = 3F17F4E321B7D32F00C290FE /* Build configuration list for PBXProject "8" */;
			compatibilityVersion = "Xcode 9.3";
			developmentRegion = en;
			hasScannedForEncodings = 0;
			knownRegions = (
				en,
				Base,
			);
			mainGroup = 3F17F4DF21B7D32F00C290FE;
			productRefGroup = 3F17F4E921B7D32F00C290FE /* Products */;
			projectDirPath = "";
			projectRoot = "";
			targets = (
				3F17F4E721B7D32F00C290FE /* 8 */,
				3F17F4FB21B7D32F00C290FE /* 8Tests */,
				3F17F50621B7D32F00C290FE /* 8UITests */,
			);
		};
/* End PBXProject section */

/* Begin PBXResourcesBuildPhase section */
		3F17F4E621B7D32F00C290FE /* Resources */ = {
			isa = PBXResourcesBuildPhase;
			buildActionMask = 2147483647;
			files = (
				3F17F4F621B7D32F00C290FE /* LaunchScreen.storyboard in Resources */,
				3F17F4F321B7D32F00C290FE /* Assets.xcassets in Resources */,
				3F17F4F121B7D32F00C290FE /* Main.storyboard in Resources */,
			);
			runOnlyForDeploymentPostprocessing = 0;
		};
		3F17F4FA21B7D32F00C290FE /* Resources */ = {
			isa = PBXResourcesBuildPhase;
			buildActionMask = 2147483647;
			files = (
			);
			runOnlyForDeploymentPostprocessing = 0;
		};
		3F17F50521B7D32F00C290FE /* Resources */ = {
			isa = PBXResourcesBuildPhase;
			buildActionMask = 2147483647;
			files = (
			);
			runOnlyForDeploymentPostprocessing = 0;
		};
/* End PBXResourcesBuildPhase section */

/* Begin PBXSourcesBuildPhase section */
		3F17F4E421B7D32F00C290FE /* Sources */ = {
			isa = PBXSourcesBuildPhase;
			buildActionMask = 2147483647;
			files = (
				3F17F51A21B7D38800C290FE /* Class.swift in Sources */,
				3F17F4EE21B7D32F00C290FE /* ViewController.swift in Sources */,
				3F17F4EC21B7D32F00C290FE /* AppDelegate.swift in Sources */,
			);
			runOnlyForDeploymentPostprocessing = 0;
		};
		3F17F4F821B7D32F00C290FE /* Sources */ = {
			isa = PBXSourcesBuildPhase;
			buildActionMask = 2147483647;
			files = (
				3F17F50121B7D32F00C290FE /* _Tests.swift in Sources */,
			);
			runOnlyForDeploymentPostprocessing = 0;
		};
		3F17F50321B7D32F00C290FE /* Sources */ = {
			isa = PBXSourcesBuildPhase;
			buildActionMask = 2147483647;
			files = (
				3F17F50C21B7D32F00C290FE /* _UITests.swift in Sources */,
			);
			runOnlyForDeploymentPostprocessing = 0;
		};
/* End PBXSourcesBuildPhase section */

/* Begin PBXTargetDependency section */
		3F17F4FE21B7D32F00C290FE /* PBXTargetDependency */ = {
			isa = PBXTargetDependency;
			target = 3F17F4E721B7D32F00C290FE /* 8 */;
			targetProxy = 3F17F4FD21B7D32F00C290FE /* PBXContainerItemProxy */;
		};
		3F17F50921B7D32F00C290FE /* PBXTargetDependency */ = {
			isa = PBXTargetDependency;
			target = 3F17F4E721B7D32F00C290FE /* 8 */;
			targetProxy = 3F17F50821B7D32F00C290FE /* PBXContainerItemProxy */;
		};
/* End PBXTargetDependency section */

/* Begin PBXVariantGroup section */
		3F17F4EF21B7D32F00C290FE /* Main.storyboard */ = {
			isa = PBXVariantGroup;
			children = (
				3F17F4F021B7D32F00C290FE /* Base */,
			);
			name = Main.storyboard;
			sourceTree = "<group>";
		};
		3F17F4F421B7D32F00C290FE /* LaunchScreen.storyboard */ = {
			isa = PBXVariantGroup;
			children = (
				3F17F4F521B7D32F00C290FE /* Base */,
			);
			name = LaunchScreen.storyboard;
			sourceTree = "<group>";
		};
/* End PBXVariantGroup section */

/* Begin XCBuildConfiguration section */
		3F17F50E21B7D32F00C290FE /* Debug */ = {
			isa = XCBuildConfiguration;
			buildSettings = {
				ALWAYS_SEARCH_USER_PATHS = NO;
				CLANG_ANALYZER_NONNULL = YES;
				CLANG_ANALYZER_NUMBER_OBJECT_CONVERSION = YES_AGGRESSIVE;
				CLANG_CXX_LANGUAGE_STANDARD = "gnu++14";
				CLANG_CXX_LIBRARY = "libc++";
				CLANG_ENABLE_MODULES = YES;
				CLANG_ENABLE_OBJC_ARC = YES;
				CLANG_ENABLE_OBJC_WEAK = YES;
				CLANG_WARN_BLOCK_CAPTURE_AUTORELEASING = YES;
				CLANG_WARN_BOOL_CONVERSION = YES;
				CLANG_WARN_COMMA = YES;
				CLANG_WARN_CONSTANT_CONVERSION = YES;
				CLANG_WARN_DEPRECATED_OBJC_IMPLEMENTATIONS = YES;
				CLANG_WARN_DIRECT_OBJC_ISA_USAGE = YES_ERROR;
				CLANG_WARN_DOCUMENTATION_COMMENTS = YES;
				CLANG_WARN_EMPTY_BODY = YES;
				CLANG_WARN_ENUM_CONVERSION = YES;
				CLANG_WARN_INFINITE_RECURSION = YES;
				CLANG_WARN_INT_CONVERSION = YES;
				CLANG_WARN_NON_LITERAL_NULL_CONVERSION = YES;
				CLANG_WARN_OBJC_IMPLICIT_RETAIN_SELF = YES;
				CLANG_WARN_OBJC_LITERAL_CONVERSION = YES;
				CLANG_WARN_OBJC_ROOT_CLASS = YES_ERROR;
				CLANG_WARN_RANGE_LOOP_ANALYSIS = YES;
				CLANG_WARN_STRICT_PROTOTYPES = YES;
				CLANG_WARN_SUSPICIOUS_MOVE = YES;
				CLANG_WARN_UNGUARDED_AVAILABILITY = YES_AGGRESSIVE;
				CLANG_WARN_UNREACHABLE_CODE = YES;
				CLANG_WARN__DUPLICATE_METHOD_MATCH = YES;
				CODE_SIGN_IDENTITY = "iPhone Developer";
				COPY_PHASE_STRIP = NO;
				DEBUG_INFORMATION_FORMAT = dwarf;
				ENABLE_STRICT_OBJC_MSGSEND = YES;
				ENABLE_TESTABILITY = YES;
				GCC_C_LANGUAGE_STANDARD = gnu11;
				GCC_DYNAMIC_NO_PIC = NO;
				GCC_NO_COMMON_BLOCKS = YES;
				GCC_OPTIMIZATION_LEVEL = 0;
				GCC_PREPROCESSOR_DEFINITIONS = (
					"DEBUG=1",
					"$(inherited)",
				);
				GCC_WARN_64_TO_32_BIT_CONVERSION = YES;
				GCC_WARN_ABOUT_RETURN_TYPE = YES_ERROR;
				GCC_WARN_UNDECLARED_SELECTOR = YES;
				GCC_WARN_UNINITIALIZED_AUTOS = YES_AGGRESSIVE;
				GCC_WARN_UNUSED_FUNCTION = YES;
				GCC_WARN_UNUSED_VARIABLE = YES;
				IPHONEOS_DEPLOYMENT_TARGET = 12.0;
				MTL_ENABLE_DEBUG_INFO = INCLUDE_SOURCE;
				MTL_FAST_MATH = YES;
				ONLY_ACTIVE_ARCH = YES;
				SDKROOT = iphoneos;
				SWIFT_ACTIVE_COMPILATION_CONDITIONS = DEBUG;
				SWIFT_OPTIMIZATION_LEVEL = "-Onone";
			};
			name = Debug;
		};
		3F17F50F21B7D32F00C290FE /* Release */ = {
			isa = XCBuildConfiguration;
			buildSettings = {
				ALWAYS_SEARCH_USER_PATHS = NO;
				CLANG_ANALYZER_NONNULL = YES;
				CLANG_ANALYZER_NUMBER_OBJECT_CONVERSION = YES_AGGRESSIVE;
				CLANG_CXX_LANGUAGE_STANDARD = "gnu++14";
				CLANG_CXX_LIBRARY = "libc++";
				CLANG_ENABLE_MODULES = YES;
				CLANG_ENABLE_OBJC_ARC = YES;
				CLANG_ENABLE_OBJC_WEAK = YES;
				CLANG_WARN_BLOCK_CAPTURE_AUTORELEASING = YES;
				CLANG_WARN_BOOL_CONVERSION = YES;
				CLANG_WARN_COMMA = YES;
				CLANG_WARN_CONSTANT_CONVERSION = YES;
				CLANG_WARN_DEPRECATED_OBJC_IMPLEMENTATIONS = YES;
				CLANG_WARN_DIRECT_OBJC_ISA_USAGE = YES_ERROR;
				CLANG_WARN_DOCUMENTATION_COMMENTS = YES;
				CLANG_WARN_EMPTY_BODY = YES;
				CLANG_WARN_ENUM_CONVERSION = YES;
				CLANG_WARN_INFINITE_RECURSION = YES;
				CLANG_WARN_INT_CONVERSION = YES;
				CLANG_WARN_NON_LITERAL_NULL_CONVERSION = YES;
				CLANG_WARN_OBJC_IMPLICIT_RETAIN_SELF = YES;
				CLANG_WARN_OBJC_LITERAL_CONVERSION = YES;
				CLANG_WARN_OBJC_ROOT_CLASS = YES_ERROR;
				CLANG_WARN_RANGE_LOOP_ANALYSIS = YES;
				CLANG_WARN_STRICT_PROTOTYPES = YES;
				CLANG_WARN_SUSPICIOUS_MOVE = YES;
				CLANG_WARN_UNGUARDED_AVAILABILITY = YES_AGGRESSIVE;
				CLANG_WARN_UNREACHABLE_CODE = YES;
				CLANG_WARN__DUPLICATE_METHOD_MATCH = YES;
				CODE_SIGN_IDENTITY = "iPhone Developer";
				COPY_PHASE_STRIP = NO;
				DEBUG_INFORMATION_FORMAT = "dwarf-with-dsym";
				ENABLE_NS_ASSERTIONS = NO;
				ENABLE_STRICT_OBJC_MSGSEND = YES;
				GCC_C_LANGUAGE_STANDARD = gnu11;
				GCC_NO_COMMON_BLOCKS = YES;
				GCC_WARN_64_TO_32_BIT_CONVERSION = YES;
				GCC_WARN_ABOUT_RETURN_TYPE = YES_ERROR;
				GCC_WARN_UNDECLARED_SELECTOR = YES;
				GCC_WARN_UNINITIALIZED_AUTOS = YES_AGGRESSIVE;
				GCC_WARN_UNUSED_FUNCTION = YES;
				GCC_WARN_UNUSED_VARIABLE = YES;
				IPHONEOS_DEPLOYMENT_TARGET = 12.0;
				MTL_ENABLE_DEBUG_INFO = NO;
				MTL_FAST_MATH = YES;
				SDKROOT = iphoneos;
				SWIFT_COMPILATION_MODE = wholemodule;
				SWIFT_OPTIMIZATION_LEVEL = "-O";
				VALIDATE_PRODUCT = YES;
			};
			name = Release;
		};
		3F17F51121B7D32F00C290FE /* Debug */ = {
			isa = XCBuildConfiguration;
			buildSettings = {
				ASSETCATALOG_COMPILER_APPICON_NAME = AppIcon;
				CODE_SIGN_STYLE = Automatic;
				INFOPLIST_FILE = 8/Info.plist;
				LD_RUNPATH_SEARCH_PATHS = (
					"$(inherited)",
					"@executable_path/Frameworks",
				);
				PRODUCT_BUNDLE_IDENTIFIER = "gjn.-";
				PRODUCT_NAME = "$(TARGET_NAME)";
				SWIFT_VERSION = 4.2;
				TARGETED_DEVICE_FAMILY = "1,2";
			};
			name = Debug;
		};
		3F17F51221B7D32F00C290FE /* Release */ = {
			isa = XCBuildConfiguration;
			buildSettings = {
				ASSETCATALOG_COMPILER_APPICON_NAME = AppIcon;
				CODE_SIGN_STYLE = Automatic;
				INFOPLIST_FILE = 8/Info.plist;
				LD_RUNPATH_SEARCH_PATHS = (
					"$(inherited)",
					"@executable_path/Frameworks",
				);
				PRODUCT_BUNDLE_IDENTIFIER = "gjn.-";
				PRODUCT_NAME = "$(TARGET_NAME)";
				SWIFT_VERSION = 4.2;
				TARGETED_DEVICE_FAMILY = "1,2";
			};
			name = Release;
		};
		3F17F51421B7D32F00C290FE /* Debug */ = {
			isa = XCBuildConfiguration;
			buildSettings = {
				ALWAYS_EMBED_SWIFT_STANDARD_LIBRARIES = YES;
				BUNDLE_LOADER = "$(TEST_HOST)";
				CODE_SIGN_STYLE = Automatic;
				INFOPLIST_FILE = 8Tests/Info.plist;
				LD_RUNPATH_SEARCH_PATHS = (
					"$(inherited)",
					"@executable_path/Frameworks",
					"@loader_path/Frameworks",
				);
				PRODUCT_BUNDLE_IDENTIFIER = "gjn.-Tests";
				PRODUCT_NAME = "$(TARGET_NAME)";
				SWIFT_VERSION = 4.2;
				TARGETED_DEVICE_FAMILY = "1,2";
				TEST_HOST = "$(BUILT_PRODUCTS_DIR)/8.app/8";
			};
			name = Debug;
		};
		3F17F51521B7D32F00C290FE /* Release */ = {
			isa = XCBuildConfiguration;
			buildSettings = {
				ALWAYS_EMBED_SWIFT_STANDARD_LIBRARIES = YES;
				BUNDLE_LOADER = "$(TEST_HOST)";
				CODE_SIGN_STYLE = Automatic;
				INFOPLIST_FILE = 8Tests/Info.plist;
				LD_RUNPATH_SEARCH_PATHS = (
					"$(inherited)",
					"@executable_path/Frameworks",
					"@loader_path/Frameworks",
				);
				PRODUCT_BUNDLE_IDENTIFIER = "gjn.-Tests";
				PRODUCT_NAME = "$(TARGET_NAME)";
				SWIFT_VERSION = 4.2;
				TARGETED_DEVICE_FAMILY = "1,2";
				TEST_HOST = "$(BUILT_PRODUCTS_DIR)/8.app/8";
			};
			name = Release;
		};
		3F17F51721B7D32F00C290FE /* Debug */ = {
			isa = XCBuildConfiguration;
			buildSettings = {
				ALWAYS_EMBED_SWIFT_STANDARD_LIBRARIES = YES;
				CODE_SIGN_STYLE = Automatic;
				INFOPLIST_FILE = 8UITests/Info.plist;
				LD_RUNPATH_SEARCH_PATHS = (
					"$(inherited)",
					"@executable_path/Frameworks",
					"@loader_path/Frameworks",
				);
				PRODUCT_BUNDLE_IDENTIFIER = "gjn.-UITests";
				PRODUCT_NAME = "$(TARGET_NAME)";
				SWIFT_VERSION = 4.2;
				TARGETED_DEVICE_FAMILY = "1,2";
				TEST_TARGET_NAME = 8;
			};
			name = Debug;
		};
		3F17F51821B7D32F00C290FE /* Release */ = {
			isa = XCBuildConfiguration;
			buildSettings = {
				ALWAYS_EMBED_SWIFT_STANDARD_LIBRARIES = YES;
				CODE_SIGN_STYLE = Automatic;
				INFOPLIST_FILE = 8UITests/Info.plist;
				LD_RUNPATH_SEARCH_PATHS = (
					"$(inherited)",
					"@executable_path/Frameworks",
					"@loader_path/Frameworks",
				);
				PRODUCT_BUNDLE_IDENTIFIER = "gjn.-UITests";
				PRODUCT_NAME = "$(TARGET_NAME)";
				SWIFT_VERSION = 4.2;
				TARGETED_DEVICE_FAMILY = "1,2";
				TEST_TARGET_NAME = 8;
			};
			name = Release;
		};
/* End XCBuildConfiguration section */

/* Begin XCConfigurationList section */
		3F17F4E321B7D32F00C290FE /* Build configuration list for PBXProject "8" */ = {
			isa = XCConfigurationList;
			buildConfigurations = (
				3F17F50E21B7D32F00C290FE /* Debug */,
				3F17F50F21B7D32F00C290FE /* Release */,
			);
			defaultConfigurationIsVisible = 0;
			defaultConfigurationName = Release;
		};
		3F17F51021B7D32F00C290FE /* Build configuration list for PBXNativeTarget "8" */ = {
			isa = XCConfigurationList;
			buildConfigurations = (
				3F17F51121B7D32F00C290FE /* Debug */,
				3F17F51221B7D32F00C290FE /* Release */,
			);
			defaultConfigurationIsVisible = 0;
			defaultConfigurationName = Release;
		};
		3F17F51321B7D32F00C290FE /* Build configuration list for PBXNativeTarget "8Tests" */ = {
			isa = XCConfigurationList;
			buildConfigurations = (
				3F17F51421B7D32F00C290FE /* Debug */,
				3F17F51521B7D32F00C290FE /* Release */,
			);
			defaultConfigurationIsVisible = 0;
			defaultConfigurationName = Release;
		};
		3F17F51621B7D32F00C290FE /* Build configuration list for PBXNativeTarget "8UITests" */ = {
			isa = XCConfigurationList;
			buildConfigurations = (
				3F17F51721B7D32F00C290FE /* Debug */,
				3F17F51821B7D32F00C290FE /* Release */,
			);
			defaultConfigurationIsVisible = 0;
			defaultConfigurationName = Release;
		};
/* End XCConfigurationList section */
	};
	rootObject = 3F17F4E021B7D32F00C290FE /* Project object */;
}
